
Microsoft Visual Studio Solution File, Format Version 12.00
# Visual Studio 15
VisualStudioVersion = 15.0.26124.0
MinimumVisualStudioVersion = 15.0.26124.0
Project("{FAE04EC0-301F-11D3-BF4B-00C04F79EFBC}") = "string_extractor", "string_extractor\string_extractor.csproj", "{55CAC10F-A826-43DB-BA5B-5B718ED98B13}"
EndProject
Project("{FAE04EC0-301F-11D3-BF4B-00C04F79EFBC}") = "extractor", "extractor\extractor.csproj", "{C43D2A48-130F-4E17-811F-A6FCBF5BFEAE}"
EndProject
Project("{FAE04EC0-301F-11D3-BF4B-00C04F79EFBC}") = "converter", "converter\converter.csproj", "{709AE644-9E15-4871-86A9-C37784D8CCB6}"
EndProject
Project("{FAE04EC0-301F-11D3-BF4B-00C04F79EFBC}") = "clean_script", "clean_script\clean_script.csproj", "{43D602D4-6B2F-401F-9661-C40EF8929C54}"
EndProject
Project("{FAE04EC0-301F-11D3-BF4B-00C04F79EFBC}") = "js2rpy", "js2rpy\js2rpy.csproj", "{3F2301DF-C0B5-4658-B61B-FFCCCA8BE0A8}"
EndProject
Global
	GlobalSection(SolutionConfigurationPlatforms) = preSolution
		Debug|Any CPU = Debug|Any CPU
		Debug|x64 = Debug|x64
		Debug|x86 = Debug|x86
		Release|Any CPU = Release|Any CPU
		Release|x64 = Release|x64
		Release|x86 = Release|x86
	EndGlobalSection
	GlobalSection(SolutionProperties) = preSolution
		HideSolutionNode = FALSE
	EndGlobalSection
	GlobalSection(ProjectConfigurationPlatforms) = postSolution
		{55CAC10F-A826-43DB-BA5B-5B718ED98B13}.Debug|Any CPU.ActiveCfg = Debug|Any CPU
		{55CAC10F-A826-43DB-BA5B-5B718ED98B13}.Debug|Any CPU.Build.0 = Debug|Any CPU
		{55CAC10F-A826-43DB-BA5B-5B718ED98B13}.Debug|x64.ActiveCfg = Debug|Any CPU
		{55CAC10F-A826-43DB-BA5B-5B718ED98B13}.Debug|x64.Build.0 = Debug|Any CPU
		{55CAC10F-A826-43DB-BA5B-5B718ED98B13}.Debug|x86.ActiveCfg = Debug|Any CPU
		{55CAC10F-A826-43DB-BA5B-5B718ED98B13}.Debug|x86.Build.0 = Debug|Any CPU
		{55CAC10F-A826-43DB-BA5B-5B718ED98B13}.Release|Any CPU.ActiveCfg = Release|Any CPU
		{55CAC10F-A826-43DB-BA5B-5B718ED98B13}.Release|Any CPU.Build.0 = Release|Any CPU
		{55CAC10F-A826-43DB-BA5B-5B718ED98B13}.Release|x64.ActiveCfg = Release|Any CPU
		{55CAC10F-A826-43DB-BA5B-5B718ED98B13}.Release|x64.Build.0 = Release|Any CPU
		{55CAC10F-A826-43DB-BA5B-5B718ED98B13}.Release|x86.ActiveCfg = Release|Any CPU
		{55CAC10F-A826-43DB-BA5B-5B718ED98B13}.Release|x86.Build.0 = Release|Any CPU
		{C43D2A48-130F-4E17-811F-A6FCBF5BFEAE}.Debug|Any CPU.ActiveCfg = Debug|Any CPU
		{C43D2A48-130F-4E17-811F-A6FCBF5BFEAE}.Debug|Any CPU.Build.0 = Debug|Any CPU
		{C43D2A48-130F-4E17-811F-A6FCBF5BFEAE}.Debug|x64.ActiveCfg = Debug|Any CPU
		{C43D2A48-130F-4E17-811F-A6FCBF5BFEAE}.Debug|x64.Build.0 = Debug|Any CPU
		{C43D2A48-130F-4E17-811F-A6FCBF5BFEAE}.Debug|x86.ActiveCfg = Debug|Any CPU
		{C43D2A48-130F-4E17-811F-A6FCBF5BFEAE}.Debug|x86.Build.0 = Debug|Any CPU
		{C43D2A48-130F-4E17-811F-A6FCBF5BFEAE}.Release|Any CPU.ActiveCfg = Release|Any CPU
		{C43D2A48-130F-4E17-811F-A6FCBF5BFEAE}.Release|Any CPU.Build.0 = Release|Any CPU
		{C43D2A48-130F-4E17-811F-A6FCBF5BFEAE}.Release|x64.ActiveCfg = Release|Any CPU
		{C43D2A48-130F-4E17-811F-A6FCBF5BFEAE}.Release|x64.Build.0 = Release|Any CPU
		{C43D2A48-130F-4E17-811F-A6FCBF5BFEAE}.Release|x86.ActiveCfg = Release|Any CPU
		{C43D2A48-130F-4E17-811F-A6FCBF5BFEAE}.Release|x86.Build.0 = Release|Any CPU
		{709AE644-9E15-4871-86A9-C37784D8CCB6}.Debug|Any CPU.ActiveCfg = Debug|Any CPU
		{709AE644-9E15-4871-86A9-C37784D8CCB6}.Debug|Any CPU.Build.0 = Debug|Any CPU
		{709AE644-9E15-4871-86A9-C37784D8CCB6}.Debug|x64.ActiveCfg = Debug|Any CPU
		{709AE644-9E15-4871-86A9-C37784D8CCB6}.Debug|x64.Build.0 = Debug|Any CPU
		{709AE644-9E15-4871-86A9-C37784D8CCB6}.Debug|x86.ActiveCfg = Debug|Any CPU
		{709AE644-9E15-4871-86A9-C37784D8CCB6}.Debug|x86.Build.0 = Debug|Any CPU
		{709AE644-9E15-4871-86A9-C37784D8CCB6}.Release|Any CPU.ActiveCfg = Release|Any CPU
		{709AE644-9E15-4871-86A9-C37784D8CCB6}.Release|Any CPU.Build.0 = Release|Any CPU
		{709AE644-9E15-4871-86A9-C37784D8CCB6}.Release|x64.ActiveCfg = Release|Any CPU
		{709AE644-9E15-4871-86A9-C37784D8CCB6}.Release|x64.Build.0 = Release|Any CPU
		{709AE644-9E15-4871-86A9-C37784D8CCB6}.Release|x86.ActiveCfg = Release|Any CPU
		{709AE644-9E15-4871-86A9-C37784D8CCB6}.Release|x86.Build.0 = Release|Any CPU
		{43D602D4-6B2F-401F-9661-C40EF8929C54}.Debug|Any CPU.ActiveCfg = Debug|Any CPU
		{43D602D4-6B2F-401F-9661-C40EF8929C54}.Debug|Any CPU.Build.0 = Debug|Any CPU
		{43D602D4-6B2F-401F-9661-C40EF8929C54}.Debug|x64.ActiveCfg = Debug|Any CPU
		{43D602D4-6B2F-401F-9661-C40EF8929C54}.Debug|x64.Build.0 = Debug|Any CPU
		{43D602D4-6B2F-401F-9661-C40EF8929C54}.Debug|x86.ActiveCfg = Debug|Any CPU
		{43D602D4-6B2F-401F-9661-C40EF8929C54}.Debug|x86.Build.0 = Debug|Any CPU
		{43D602D4-6B2F-401F-9661-C40EF8929C54}.Release|Any CPU.ActiveCfg = Release|Any CPU
		{43D602D4-6B2F-401F-9661-C40EF8929C54}.Release|Any CPU.Build.0 = Release|Any CPU
		{43D602D4-6B2F-401F-9661-C40EF8929C54}.Release|x64.ActiveCfg = Release|Any CPU
		{43D602D4-6B2F-401F-9661-C40EF8929C54}.Release|x64.Build.0 = Release|Any CPU
		{43D602D4-6B2F-401F-9661-C40EF8929C54}.Release|x86.ActiveCfg = Release|Any CPU
		{43D602D4-6B2F-401F-9661-C40EF8929C54}.Release|x86.Build.0 = Release|Any CPU
		{3F2301DF-C0B5-4658-B61B-FFCCCA8BE0A8}.Debug|Any CPU.ActiveCfg = Debug|Any CPU
		{3F2301DF-C0B5-4658-B61B-FFCCCA8BE0A8}.Debug|Any CPU.Build.0 = Debug|Any CPU
		{3F2301DF-C0B5-4658-B61B-FFCCCA8BE0A8}.Debug|x64.ActiveCfg = Debug|Any CPU
		{3F2301DF-C0B5-4658-B61B-FFCCCA8BE0A8}.Debug|x64.Build.0 = Debug|Any CPU
		{3F2301DF-C0B5-4658-B61B-FFCCCA8BE0A8}.Debug|x86.ActiveCfg = Debug|Any CPU
		{3F2301DF-C0B5-4658-B61B-FFCCCA8BE0A8}.Debug|x86.Build.0 = Debug|Any CPU
		{3F2301DF-C0B5-4658-B61B-FFCCCA8BE0A8}.Release|Any CPU.ActiveCfg = Release|Any CPU
		{3F2301DF-C0B5-4658-B61B-FFCCCA8BE0A8}.Release|Any CPU.Build.0 = Release|Any CPU
		{3F2301DF-C0B5-4658-B61B-FFCCCA8BE0A8}.Release|x64.ActiveCfg = Release|Any CPU
		{3F2301DF-C0B5-4658-B61B-FFCCCA8BE0A8}.Release|x64.Build.0 = Release|Any CPU
		{3F2301DF-C0B5-4658-B61B-FFCCCA8BE0A8}.Release|x86.ActiveCfg = Release|Any CPU
		{3F2301DF-C0B5-4658-B61B-FFCCCA8BE0A8}.Release|x86.Build.0 = Release|Any CPU
	EndGlobalSection
EndGlobal
